// !$*UTF8*$!
{
	archiveVersion = 1;
	classes = {
	};
	objectVersion = 46;
	objects = {

/* Begin PBXBuildFile section */
		301CDE161DEBBAAC007D3B94 /* FriendTableViewCell.swift in Sources */ = {isa = PBXBuildFile; fileRef = 301CDE151DEBBAAC007D3B94 /* FriendTableViewCell.swift */; };
		301CDE181DEBBB41007D3B94 /* default-profile-pic.png in Resources */ = {isa = PBXBuildFile; fileRef = 301CDE171DEBBB41007D3B94 /* default-profile-pic.png */; };
		301CDE191DEBF693007D3B94 /* Charts.framework in Frameworks */ = {isa = PBXBuildFile; fileRef = 30333C8F1DDF770F00902916 /* Charts.framework */; };
		301CDE1B1DEE3C8F007D3B94 /* CoreDataTableViewController.swift in Sources */ = {isa = PBXBuildFile; fileRef = 301CDE1A1DEE3C8F007D3B94 /* CoreDataTableViewController.swift */; };
		301CDE1D1DEE3CF6007D3B94 /* ArticleTableViewController.swift in Sources */ = {isa = PBXBuildFile; fileRef = 301CDE1C1DEE3CF6007D3B94 /* ArticleTableViewController.swift */; };
		301CDE1F1DEE3D15007D3B94 /* ArticleTableViewCell.swift in Sources */ = {isa = PBXBuildFile; fileRef = 301CDE1E1DEE3D15007D3B94 /* ArticleTableViewCell.swift */; };
		30333C7F1DDBC5A800902916 /* Colors.swift in Sources */ = {isa = PBXBuildFile; fileRef = 30333C7E1DDBC5A800902916 /* Colors.swift */; };
		30333C8C1DDBCF7700902916 /* me-icon2.png in Resources */ = {isa = PBXBuildFile; fileRef = 30333C8B1DDBCF7700902916 /* me-icon2.png */; };
		30333C8E1DDBCF7D00902916 /* friends-icon2.png in Resources */ = {isa = PBXBuildFile; fileRef = 30333C8D1DDBCF7D00902916 /* friends-icon2.png */; };
		30333CD41DE22CC300902916 /* UserDefaults.swift in Sources */ = {isa = PBXBuildFile; fileRef = 30333CD31DE22CC300902916 /* UserDefaults.swift */; };
		30333CD91DE2359300902916 /* Article+CoreDataProperties.swift in Sources */ = {isa = PBXBuildFile; fileRef = 30333CD51DE2359300902916 /* Article+CoreDataProperties.swift */; };
		30333CDA1DE2359300902916 /* Article.swift in Sources */ = {isa = PBXBuildFile; fileRef = 30333CD61DE2359300902916 /* Article.swift */; };
		30333CDB1DE2359300902916 /* User+CoreDataProperties.swift in Sources */ = {isa = PBXBuildFile; fileRef = 30333CD71DE2359300902916 /* User+CoreDataProperties.swift */; };
		30333CDC1DE2359300902916 /* User.swift in Sources */ = {isa = PBXBuildFile; fileRef = 30333CD81DE2359300902916 /* User.swift */; };
		30333CEA1DE4D76600902916 /* GoalsViewController.swift in Sources */ = {isa = PBXBuildFile; fileRef = 30333CE91DE4D76600902916 /* GoalsViewController.swift */; };
		30333CEC1DE4D79200902916 /* ProgessBarView.swift in Sources */ = {isa = PBXBuildFile; fileRef = 30333CEB1DE4D79200902916 /* ProgessBarView.swift */; };
		30333CEE1DE4D90F00902916 /* edit-icon2.png in Resources */ = {isa = PBXBuildFile; fileRef = 30333CED1DE4D90F00902916 /* edit-icon2.png */; };
		30333CF01DE4F9D600902916 /* TrendsViewController.swift in Sources */ = {isa = PBXBuildFile; fileRef = 30333CEF1DE4F9D600902916 /* TrendsViewController.swift */; };
		305792511DF1E6980036495E /* settings-icon1.png in Resources */ = {isa = PBXBuildFile; fileRef = 305792501DF1E6980036495E /* settings-icon1.png */; };
		305792531DF4F6590036495E /* FriendGoalsViewController.swift in Sources */ = {isa = PBXBuildFile; fileRef = 305792521DF4F6590036495E /* FriendGoalsViewController.swift */; };
		305792551DF4FB570036495E /* FriendArticlesTableViewController.swift in Sources */ = {isa = PBXBuildFile; fileRef = 305792541DF4FB570036495E /* FriendArticlesTableViewController.swift */; };
		305792571DF50C2C0036495E /* FriendToolbarView.swift in Sources */ = {isa = PBXBuildFile; fileRef = 305792561DF50C2C0036495E /* FriendToolbarView.swift */; };
		305792591DF514360036495E /* AddFriendTableViewCell.swift in Sources */ = {isa = PBXBuildFile; fileRef = 305792581DF514360036495E /* AddFriendTableViewCell.swift */; };
		3057925B1DF5146C0036495E /* AddFriendTableViewController.swift in Sources */ = {isa = PBXBuildFile; fileRef = 3057925A1DF5146C0036495E /* AddFriendTableViewController.swift */; };
		305792651DF52FA20036495E /* gray-circle2.png in Resources */ = {isa = PBXBuildFile; fileRef = 305792641DF52FA20036495E /* gray-circle2.png */; };
		305792671DF52FAA0036495E /* addFriend.png in Resources */ = {isa = PBXBuildFile; fileRef = 305792661DF52FAA0036495E /* addFriend.png */; };
		305792691DF530DB0036495E /* arrow2.png in Resources */ = {isa = PBXBuildFile; fileRef = 305792681DF530DB0036495E /* arrow2.png */; };
		305792791DF531D50036495E /* blue-circle.png in Resources */ = {isa = PBXBuildFile; fileRef = 305792741DF531D50036495E /* blue-circle.png */; };
		3057927A1DF531D50036495E /* purple-circle.png in Resources */ = {isa = PBXBuildFile; fileRef = 305792751DF531D50036495E /* purple-circle.png */; };
		3057927B1DF531D50036495E /* red-circle.png in Resources */ = {isa = PBXBuildFile; fileRef = 305792761DF531D50036495E /* red-circle.png */; };
		3057927C1DF531D50036495E /* trophy-b-and-w.png in Resources */ = {isa = PBXBuildFile; fileRef = 305792771DF531D50036495E /* trophy-b-and-w.png */; };
		3057927D1DF531D50036495E /* trophy.png in Resources */ = {isa = PBXBuildFile; fileRef = 305792781DF531D50036495E /* trophy.png */; };
		3067A9801DF007F500B8B550 /* ArticleData.swift in Sources */ = {isa = PBXBuildFile; fileRef = 3067A97F1DF007F500B8B550 /* ArticleData.swift */; };
		308204871DD9590A008AD2C4 /* AppDelegate.swift in Sources */ = {isa = PBXBuildFile; fileRef = 308204861DD9590A008AD2C4 /* AppDelegate.swift */; };
		308204891DD9590A008AD2C4 /* PieChartViewController.swift in Sources */ = {isa = PBXBuildFile; fileRef = 308204881DD9590A008AD2C4 /* PieChartViewController.swift */; };
		3082048C1DD9590A008AD2C4 /* Main.storyboard in Resources */ = {isa = PBXBuildFile; fileRef = 3082048A1DD9590A008AD2C4 /* Main.storyboard */; };
		3082048F1DD9590A008AD2C4 /* DeBias.xcdatamodeld in Sources */ = {isa = PBXBuildFile; fileRef = 3082048D1DD9590A008AD2C4 /* DeBias.xcdatamodeld */; };
		308204911DD9590A008AD2C4 /* Assets.xcassets in Resources */ = {isa = PBXBuildFile; fileRef = 308204901DD9590A008AD2C4 /* Assets.xcassets */; };
		308204941DD9590A008AD2C4 /* LaunchScreen.storyboard in Resources */ = {isa = PBXBuildFile; fileRef = 308204921DD9590A008AD2C4 /* LaunchScreen.storyboard */; };
		30C034521DF0FF80006E927A /* WebViewController.swift in Sources */ = {isa = PBXBuildFile; fileRef = 30C034511DF0FF80006E927A /* WebViewController.swift */; };
		30E51DE01DF7720500015A75 /* plus-icon.png in Resources */ = {isa = PBXBuildFile; fileRef = 30E51DDF1DF7720500015A75 /* plus-icon.png */; };
		30E51DE21DF775A200015A75 /* ArticleInfoViewController.swift in Sources */ = {isa = PBXBuildFile; fileRef = 30E51DE11DF775A200015A75 /* ArticleInfoViewController.swift */; };
		30E51DE41DF77B2800015A75 /* example-article.jpg in Resources */ = {isa = PBXBuildFile; fileRef = 30E51DE31DF77B2800015A75 /* example-article.jpg */; };
		30E51DFD1DF780D300015A75 /* neutralKellog.jpg in Resources */ = {isa = PBXBuildFile; fileRef = 30E51DE51DF780D300015A75 /* neutralKellog.jpg */; };
		30E51DFE1DF780D300015A75 /* consAliens.png in Resources */ = {isa = PBXBuildFile; fileRef = 30E51DE61DF780D300015A75 /* consAliens.png */; };
		30E51DFF1DF780D300015A75 /* consElaineChao.jpg in Resources */ = {isa = PBXBuildFile; fileRef = 30E51DE71DF780D300015A75 /* consElaineChao.jpg */; };
		30E51E001DF780D300015A75 /* consFires.JPG in Resources */ = {isa = PBXBuildFile; fileRef = 30E51DE81DF780D300015A75 /* consFires.JPG */; };
		30E51E011DF780D300015A75 /* consStevenMnuchin.jpg in Resources */ = {isa = PBXBuildFile; fileRef = 30E51DE91DF780D300015A75 /* consStevenMnuchin.jpg */; };
		30E51E021DF780D300015A75 /* consWSJ.jpg in Resources */ = {isa = PBXBuildFile; fileRef = 30E51DEA1DF780D300015A75 /* consWSJ.jpg */; };
		30E51E031DF780D300015A75 /* liberalElection.jpg in Resources */ = {isa = PBXBuildFile; fileRef = 30E51DEB1DF780D300015A75 /* liberalElection.jpg */; };
		30E51E041DF780D300015A75 /* liberalPelosi.jpg in Resources */ = {isa = PBXBuildFile; fileRef = 30E51DEC1DF780D300015A75 /* liberalPelosi.jpg */; };
		30E51E051DF780D300015A75 /* liberalTribe.jpg in Resources */ = {isa = PBXBuildFile; fileRef = 30E51DED1DF780D300015A75 /* liberalTribe.jpg */; };
		30E51E061DF780D300015A75 /* liberalTrumpTwitter.jpeg in Resources */ = {isa = PBXBuildFile; fileRef = 30E51DEE1DF780D300015A75 /* liberalTrumpTwitter.jpeg */; };
		30E51E071DF780D300015A75 /* liberalWalmart.jpeg in Resources */ = {isa = PBXBuildFile; fileRef = 30E51DEF1DF780D300015A75 /* liberalWalmart.jpeg */; };
		30E51E081DF780D300015A75 /* neutralDelta.png in Resources */ = {isa = PBXBuildFile; fileRef = 30E51DF01DF780D300015A75 /* neutralDelta.png */; };
		30E51E091DF780D300015A75 /* neutralFlagBurning.jpg in Resources */ = {isa = PBXBuildFile; fileRef = 30E51DF11DF780D300015A75 /* neutralFlagBurning.jpg */; };
		30E51E0A1DF780D300015A75 /* neutralPlane.png in Resources */ = {isa = PBXBuildFile; fileRef = 30E51DF21DF780D300015A75 /* neutralPlane.png */; };
		30E51E0B1DF780D300015A75 /* neutralTracyMorgan.jpg in Resources */ = {isa = PBXBuildFile; fileRef = 30E51DF31DF780D300015A75 /* neutralTracyMorgan.jpg */; };
		30E51E0C1DF780D300015A75 /* neutralTrudeau.jpeg in Resources */ = {isa = PBXBuildFile; fileRef = 30E51DF41DF780D300015A75 /* neutralTrudeau.jpeg */; };
		30E51E0D1DF780D300015A75 /* vConsGore.png in Resources */ = {isa = PBXBuildFile; fileRef = 30E51DF51DF780D300015A75 /* vConsGore.png */; };
		30E51E0E1DF780D300015A75 /* vConsInfidels.jpg in Resources */ = {isa = PBXBuildFile; fileRef = 30E51DF61DF780D300015A75 /* vConsInfidels.jpg */; };
		30E51E0F1DF780D300015A75 /* vConsIsis.jpg in Resources */ = {isa = PBXBuildFile; fileRef = 30E51DF71DF780D300015A75 /* vConsIsis.jpg */; };
		30E51E101DF780D300015A75 /* vConsTrumpRomney.jpg in Resources */ = {isa = PBXBuildFile; fileRef = 30E51DF81DF780D300015A75 /* vConsTrumpRomney.jpg */; };
		30E51E111DF780D300015A75 /* veryLiberalInda.jpg in Resources */ = {isa = PBXBuildFile; fileRef = 30E51DF91DF780D300015A75 /* veryLiberalInda.jpg */; };
		30E51E121DF780D300015A75 /* veryLiberalManipulateTrump.jpg in Resources */ = {isa = PBXBuildFile; fileRef = 30E51DFA1DF780D300015A75 /* veryLiberalManipulateTrump.jpg */; };
		30E51E131DF780D300015A75 /* veryLiberalPentagon.jpg in Resources */ = {isa = PBXBuildFile; fileRef = 30E51DFB1DF780D300015A75 /* veryLiberalPentagon.jpg */; };
		30E51E141DF780D300015A75 /* veryLiberalSyria.jpg in Resources */ = {isa = PBXBuildFile; fileRef = 30E51DFC1DF780D300015A75 /* veryLiberalSyria.jpg */; };
		30E51E171DF7894200015A75 /* HarryPotter.png in Resources */ = {isa = PBXBuildFile; fileRef = 30E51E161DF7894200015A75 /* HarryPotter.png */; };
		30E51E211DF7896C00015A75 /* Bart.png in Resources */ = {isa = PBXBuildFile; fileRef = 30E51E181DF7896C00015A75 /* Bart.png */; };
		30E51E221DF7896C00015A75 /* Beyonce.png in Resources */ = {isa = PBXBuildFile; fileRef = 30E51E191DF7896C00015A75 /* Beyonce.png */; };
		30E51E241DF7896C00015A75 /* Justin.png in Resources */ = {isa = PBXBuildFile; fileRef = 30E51E1B1DF7896C00015A75 /* Justin.png */; };
		30E51E251DF7896C00015A75 /* Kanye.png in Resources */ = {isa = PBXBuildFile; fileRef = 30E51E1C1DF7896C00015A75 /* Kanye.png */; };
		30E51E261DF7896C00015A75 /* Obama.png in Resources */ = {isa = PBXBuildFile; fileRef = 30E51E1D1DF7896C00015A75 /* Obama.png */; };
		30E51E271DF7896C00015A75 /* Ron.png in Resources */ = {isa = PBXBuildFile; fileRef = 30E51E1E1DF7896C00015A75 /* Ron.png */; };
		30E51E281DF7896C00015A75 /* Serena.png in Resources */ = {isa = PBXBuildFile; fileRef = 30E51E1F1DF7896C00015A75 /* Serena.png */; };
		30E51E291DF7896C00015A75 /* Taylor.png in Resources */ = {isa = PBXBuildFile; fileRef = 30E51E201DF7896C00015A75 /* Taylor.png */; };
		30E51E2B1DF78E0700015A75 /* Chuck.png in Resources */ = {isa = PBXBuildFile; fileRef = 30E51E2A1DF78E0700015A75 /* Chuck.png */; };
		30E51E2D1DF78F0A00015A75 /* Hermione.png in Resources */ = {isa = PBXBuildFile; fileRef = 30E51E2C1DF78F0A00015A75 /* Hermione.png */; };
		30E51E2F1DF7A26B00015A75 /* Roboto-Regular.ttf in Resources */ = {isa = PBXBuildFile; fileRef = 30E51E2E1DF7A1DC00015A75 /* Roboto-Regular.ttf */; };
		30E51E311DF7A30000015A75 /* logo.png in Resources */ = {isa = PBXBuildFile; fileRef = 30E51E301DF7A30000015A75 /* logo.png */; };
		30E51E3B1DF90E7200015A75 /* green-circle.png in Resources */ = {isa = PBXBuildFile; fileRef = 30E51E3A1DF90E7200015A75 /* green-circle.png */; };
		9F2072DA1DE3A6D9003AD907 /* Friend.swift in Sources */ = {isa = PBXBuildFile; fileRef = 9F2072D91DE3A6D9003AD907 /* Friend.swift */; };
		9F2072DE1DE3A8D6003AD907 /* FriendTableViewController.swift in Sources */ = {isa = PBXBuildFile; fileRef = 9F2072DD1DE3A8D6003AD907 /* FriendTableViewController.swift */; };
		9F33AD161DF23384008DEED5 /* BadgesViewController.swift in Sources */ = {isa = PBXBuildFile; fileRef = 9F33AD151DF23384008DEED5 /* BadgesViewController.swift */; };
		9F33AD1C1DF23F4B008DEED5 /* BadgesCollectionViewCell.swift in Sources */ = {isa = PBXBuildFile; fileRef = 9F33AD1B1DF23F4B008DEED5 /* BadgesCollectionViewCell.swift */; };
		9F33AD1E1DF248BE008DEED5 /* Badge.swift in Sources */ = {isa = PBXBuildFile; fileRef = 9F33AD1D1DF248BE008DEED5 /* Badge.swift */; };
		9F4D8F051DF29A1000AD6075 /* SettingsTableController.swift in Sources */ = {isa = PBXBuildFile; fileRef = 9F4D8F041DF29A1000AD6075 /* SettingsTableController.swift */; };
		9F4D8F091DF29D7800AD6075 /* SettingsTableCell.swift in Sources */ = {isa = PBXBuildFile; fileRef = 9F4D8F081DF29D7800AD6075 /* SettingsTableCell.swift */; };
		9F92842F1DED396900EBD85F /* FriendPieChartViewController.swift in Sources */ = {isa = PBXBuildFile; fileRef = 9F92842E1DED396900EBD85F /* FriendPieChartViewController.swift */; };
/* End PBXBuildFile section */

/* Begin PBXFileReference section */
		301CDE151DEBBAAC007D3B94 /* FriendTableViewCell.swift */ = {isa = PBXFileReference; fileEncoding = 4; lastKnownFileType = sourcecode.swift; path = FriendTableViewCell.swift; sourceTree = "<group>"; };
		301CDE171DEBBB41007D3B94 /* default-profile-pic.png */ = {isa = PBXFileReference; lastKnownFileType = image.png; path = "default-profile-pic.png"; sourceTree = "<group>"; };
		301CDE1A1DEE3C8F007D3B94 /* CoreDataTableViewController.swift */ = {isa = PBXFileReference; fileEncoding = 4; lastKnownFileType = sourcecode.swift; path = CoreDataTableViewController.swift; sourceTree = "<group>"; };
		301CDE1C1DEE3CF6007D3B94 /* ArticleTableViewController.swift */ = {isa = PBXFileReference; fileEncoding = 4; lastKnownFileType = sourcecode.swift; path = ArticleTableViewController.swift; sourceTree = "<group>"; };
		301CDE1E1DEE3D15007D3B94 /* ArticleTableViewCell.swift */ = {isa = PBXFileReference; fileEncoding = 4; lastKnownFileType = sourcecode.swift; path = ArticleTableViewCell.swift; sourceTree = "<group>"; };
		30333C7E1DDBC5A800902916 /* Colors.swift */ = {isa = PBXFileReference; fileEncoding = 4; lastKnownFileType = sourcecode.swift; path = Colors.swift; sourceTree = "<group>"; };
		30333C8B1DDBCF7700902916 /* me-icon2.png */ = {isa = PBXFileReference; lastKnownFileType = image.png; path = "me-icon2.png"; sourceTree = "<group>"; };
		30333C8D1DDBCF7D00902916 /* friends-icon2.png */ = {isa = PBXFileReference; lastKnownFileType = image.png; path = "friends-icon2.png"; sourceTree = "<group>"; };
		30333C8F1DDF770F00902916 /* Charts.framework */ = {isa = PBXFileReference; lastKnownFileType = wrapper.framework; name = Charts.framework; path = "../../../../Library/Developer/Xcode/DerivedData/Debias-cjsyptlkifdknxbkephpseglqdwy/Build/Products/Debug-iphonesimulator/Charts.framework"; sourceTree = "<group>"; };
		30333CD31DE22CC300902916 /* UserDefaults.swift */ = {isa = PBXFileReference; fileEncoding = 4; lastKnownFileType = sourcecode.swift; path = UserDefaults.swift; sourceTree = "<group>"; };
		30333CD51DE2359300902916 /* Article+CoreDataProperties.swift */ = {isa = PBXFileReference; fileEncoding = 4; lastKnownFileType = sourcecode.swift; path = "Article+CoreDataProperties.swift"; sourceTree = "<group>"; };
		30333CD61DE2359300902916 /* Article.swift */ = {isa = PBXFileReference; fileEncoding = 4; lastKnownFileType = sourcecode.swift; path = Article.swift; sourceTree = "<group>"; };
		30333CD71DE2359300902916 /* User+CoreDataProperties.swift */ = {isa = PBXFileReference; fileEncoding = 4; lastKnownFileType = sourcecode.swift; path = "User+CoreDataProperties.swift"; sourceTree = "<group>"; };
		30333CD81DE2359300902916 /* User.swift */ = {isa = PBXFileReference; fileEncoding = 4; lastKnownFileType = sourcecode.swift; path = User.swift; sourceTree = "<group>"; };
		30333CE91DE4D76600902916 /* GoalsViewController.swift */ = {isa = PBXFileReference; fileEncoding = 4; lastKnownFileType = sourcecode.swift; path = GoalsViewController.swift; sourceTree = "<group>"; };
		30333CEB1DE4D79200902916 /* ProgessBarView.swift */ = {isa = PBXFileReference; fileEncoding = 4; lastKnownFileType = sourcecode.swift; path = ProgessBarView.swift; sourceTree = "<group>"; };
		30333CED1DE4D90F00902916 /* edit-icon2.png */ = {isa = PBXFileReference; lastKnownFileType = image.png; path = "edit-icon2.png"; sourceTree = "<group>"; };
		30333CEF1DE4F9D600902916 /* TrendsViewController.swift */ = {isa = PBXFileReference; fileEncoding = 4; lastKnownFileType = sourcecode.swift; path = TrendsViewController.swift; sourceTree = "<group>"; };
		305792501DF1E6980036495E /* settings-icon1.png */ = {isa = PBXFileReference; lastKnownFileType = image.png; path = "settings-icon1.png"; sourceTree = "<group>"; };
		305792521DF4F6590036495E /* FriendGoalsViewController.swift */ = {isa = PBXFileReference; fileEncoding = 4; lastKnownFileType = sourcecode.swift; path = FriendGoalsViewController.swift; sourceTree = "<group>"; };
		305792541DF4FB570036495E /* FriendArticlesTableViewController.swift */ = {isa = PBXFileReference; fileEncoding = 4; lastKnownFileType = sourcecode.swift; path = FriendArticlesTableViewController.swift; sourceTree = "<group>"; };
		305792561DF50C2C0036495E /* FriendToolbarView.swift */ = {isa = PBXFileReference; fileEncoding = 4; lastKnownFileType = sourcecode.swift; path = FriendToolbarView.swift; sourceTree = "<group>"; };
		305792581DF514360036495E /* AddFriendTableViewCell.swift */ = {isa = PBXFileReference; fileEncoding = 4; lastKnownFileType = sourcecode.swift; path = AddFriendTableViewCell.swift; sourceTree = "<group>"; };
		3057925A1DF5146C0036495E /* AddFriendTableViewController.swift */ = {isa = PBXFileReference; fileEncoding = 4; lastKnownFileType = sourcecode.swift; path = AddFriendTableViewController.swift; sourceTree = "<group>"; };
		305792641DF52FA20036495E /* gray-circle2.png */ = {isa = PBXFileReference; lastKnownFileType = image.png; path = "gray-circle2.png"; sourceTree = "<group>"; };
		305792661DF52FAA0036495E /* addFriend.png */ = {isa = PBXFileReference; lastKnownFileType = image.png; path = addFriend.png; sourceTree = "<group>"; };
		305792681DF530DB0036495E /* arrow2.png */ = {isa = PBXFileReference; lastKnownFileType = image.png; path = arrow2.png; sourceTree = "<group>"; };
		305792741DF531D50036495E /* blue-circle.png */ = {isa = PBXFileReference; lastKnownFileType = image.png; path = "blue-circle.png"; sourceTree = "<group>"; };
		305792751DF531D50036495E /* purple-circle.png */ = {isa = PBXFileReference; lastKnownFileType = image.png; path = "purple-circle.png"; sourceTree = "<group>"; };
		305792761DF531D50036495E /* red-circle.png */ = {isa = PBXFileReference; lastKnownFileType = image.png; path = "red-circle.png"; sourceTree = "<group>"; };
		305792771DF531D50036495E /* trophy-b-and-w.png */ = {isa = PBXFileReference; lastKnownFileType = image.png; path = "trophy-b-and-w.png"; sourceTree = "<group>"; };
		305792781DF531D50036495E /* trophy.png */ = {isa = PBXFileReference; lastKnownFileType = image.png; path = trophy.png; sourceTree = "<group>"; };
		3067A97F1DF007F500B8B550 /* ArticleData.swift */ = {isa = PBXFileReference; fileEncoding = 4; lastKnownFileType = sourcecode.swift; path = ArticleData.swift; sourceTree = "<group>"; };
		308204831DD9590A008AD2C4 /* DeBias.app */ = {isa = PBXFileReference; explicitFileType = wrapper.application; includeInIndex = 0; path = DeBias.app; sourceTree = BUILT_PRODUCTS_DIR; };
		308204861DD9590A008AD2C4 /* AppDelegate.swift */ = {isa = PBXFileReference; lastKnownFileType = sourcecode.swift; path = AppDelegate.swift; sourceTree = "<group>"; };
		308204881DD9590A008AD2C4 /* PieChartViewController.swift */ = {isa = PBXFileReference; lastKnownFileType = sourcecode.swift; path = PieChartViewController.swift; sourceTree = "<group>"; };
		3082048B1DD9590A008AD2C4 /* Base */ = {isa = PBXFileReference; lastKnownFileType = file.storyboard; name = Base; path = Base.lproj/Main.storyboard; sourceTree = "<group>"; };
		3082048E1DD9590A008AD2C4 /* DeBias.xcdatamodel */ = {isa = PBXFileReference; lastKnownFileType = wrapper.xcdatamodel; path = DeBias.xcdatamodel; sourceTree = "<group>"; };
		308204901DD9590A008AD2C4 /* Assets.xcassets */ = {isa = PBXFileReference; lastKnownFileType = folder.assetcatalog; path = Assets.xcassets; sourceTree = "<group>"; };
		308204931DD9590A008AD2C4 /* Base */ = {isa = PBXFileReference; lastKnownFileType = file.storyboard; name = Base; path = Base.lproj/LaunchScreen.storyboard; sourceTree = "<group>"; };
		308204951DD9590A008AD2C4 /* Info.plist */ = {isa = PBXFileReference; lastKnownFileType = text.plist.xml; path = Info.plist; sourceTree = "<group>"; };
		30C034511DF0FF80006E927A /* WebViewController.swift */ = {isa = PBXFileReference; fileEncoding = 4; lastKnownFileType = sourcecode.swift; path = WebViewController.swift; sourceTree = "<group>"; };
		30E51DDF1DF7720500015A75 /* plus-icon.png */ = {isa = PBXFileReference; lastKnownFileType = image.png; path = "plus-icon.png"; sourceTree = "<group>"; };
		30E51DE11DF775A200015A75 /* ArticleInfoViewController.swift */ = {isa = PBXFileReference; fileEncoding = 4; lastKnownFileType = sourcecode.swift; path = ArticleInfoViewController.swift; sourceTree = "<group>"; };
		30E51DE31DF77B2800015A75 /* example-article.jpg */ = {isa = PBXFileReference; lastKnownFileType = image.jpeg; path = "example-article.jpg"; sourceTree = "<group>"; };
		30E51DE51DF780D300015A75 /* neutralKellog.jpg */ = {isa = PBXFileReference; lastKnownFileType = image.jpeg; path = neutralKellog.jpg; sourceTree = "<group>"; };
		30E51DE61DF780D300015A75 /* consAliens.png */ = {isa = PBXFileReference; lastKnownFileType = image.png; path = consAliens.png; sourceTree = "<group>"; };
		30E51DE71DF780D300015A75 /* consElaineChao.jpg */ = {isa = PBXFileReference; lastKnownFileType = image.jpeg; path = consElaineChao.jpg; sourceTree = "<group>"; };
		30E51DE81DF780D300015A75 /* consFires.JPG */ = {isa = PBXFileReference; lastKnownFileType = image.jpeg; path = consFires.JPG; sourceTree = "<group>"; };
		30E51DE91DF780D300015A75 /* consStevenMnuchin.jpg */ = {isa = PBXFileReference; lastKnownFileType = image.jpeg; path = consStevenMnuchin.jpg; sourceTree = "<group>"; };
		30E51DEA1DF780D300015A75 /* consWSJ.jpg */ = {isa = PBXFileReference; lastKnownFileType = image.jpeg; path = consWSJ.jpg; sourceTree = "<group>"; };
		30E51DEB1DF780D300015A75 /* liberalElection.jpg */ = {isa = PBXFileReference; lastKnownFileType = image.jpeg; path = liberalElection.jpg; sourceTree = "<group>"; };
		30E51DEC1DF780D300015A75 /* liberalPelosi.jpg */ = {isa = PBXFileReference; lastKnownFileType = image.jpeg; path = liberalPelosi.jpg; sourceTree = "<group>"; };
		30E51DED1DF780D300015A75 /* liberalTribe.jpg */ = {isa = PBXFileReference; lastKnownFileType = image.jpeg; path = liberalTribe.jpg; sourceTree = "<group>"; };
		30E51DEE1DF780D300015A75 /* liberalTrumpTwitter.jpeg */ = {isa = PBXFileReference; lastKnownFileType = image.jpeg; path = liberalTrumpTwitter.jpeg; sourceTree = "<group>"; };
		30E51DEF1DF780D300015A75 /* liberalWalmart.jpeg */ = {isa = PBXFileReference; lastKnownFileType = image.jpeg; path = liberalWalmart.jpeg; sourceTree = "<group>"; };
		30E51DF01DF780D300015A75 /* neutralDelta.png */ = {isa = PBXFileReference; lastKnownFileType = image.png; path = neutralDelta.png; sourceTree = "<group>"; };
		30E51DF11DF780D300015A75 /* neutralFlagBurning.jpg */ = {isa = PBXFileReference; lastKnownFileType = image.jpeg; path = neutralFlagBurning.jpg; sourceTree = "<group>"; };
		30E51DF21DF780D300015A75 /* neutralPlane.png */ = {isa = PBXFileReference; lastKnownFileType = image.png; path = neutralPlane.png; sourceTree = "<group>"; };
		30E51DF31DF780D300015A75 /* neutralTracyMorgan.jpg */ = {isa = PBXFileReference; lastKnownFileType = image.jpeg; path = neutralTracyMorgan.jpg; sourceTree = "<group>"; };
		30E51DF41DF780D300015A75 /* neutralTrudeau.jpeg */ = {isa = PBXFileReference; lastKnownFileType = image.jpeg; path = neutralTrudeau.jpeg; sourceTree = "<group>"; };
		30E51DF51DF780D300015A75 /* vConsGore.png */ = {isa = PBXFileReference; lastKnownFileType = image.png; path = vConsGore.png; sourceTree = "<group>"; };
		30E51DF61DF780D300015A75 /* vConsInfidels.jpg */ = {isa = PBXFileReference; lastKnownFileType = image.jpeg; path = vConsInfidels.jpg; sourceTree = "<group>"; };
		30E51DF71DF780D300015A75 /* vConsIsis.jpg */ = {isa = PBXFileReference; lastKnownFileType = image.jpeg; path = vConsIsis.jpg; sourceTree = "<group>"; };
		30E51DF81DF780D300015A75 /* vConsTrumpRomney.jpg */ = {isa = PBXFileReference; lastKnownFileType = image.jpeg; path = vConsTrumpRomney.jpg; sourceTree = "<group>"; };
		30E51DF91DF780D300015A75 /* veryLiberalInda.jpg */ = {isa = PBXFileReference; lastKnownFileType = image.jpeg; path = veryLiberalInda.jpg; sourceTree = "<group>"; };
		30E51DFA1DF780D300015A75 /* veryLiberalManipulateTrump.jpg */ = {isa = PBXFileReference; lastKnownFileType = image.jpeg; path = veryLiberalManipulateTrump.jpg; sourceTree = "<group>"; };
		30E51DFB1DF780D300015A75 /* veryLiberalPentagon.jpg */ = {isa = PBXFileReference; lastKnownFileType = image.jpeg; path = veryLiberalPentagon.jpg; sourceTree = "<group>"; };
		30E51DFC1DF780D300015A75 /* veryLiberalSyria.jpg */ = {isa = PBXFileReference; lastKnownFileType = image.jpeg; path = veryLiberalSyria.jpg; sourceTree = "<group>"; };
		30E51E161DF7894200015A75 /* HarryPotter.png */ = {isa = PBXFileReference; lastKnownFileType = image.png; path = HarryPotter.png; sourceTree = "<group>"; };
		30E51E181DF7896C00015A75 /* Bart.png */ = {isa = PBXFileReference; lastKnownFileType = image.png; path = Bart.png; sourceTree = "<group>"; };
		30E51E191DF7896C00015A75 /* Beyonce.png */ = {isa = PBXFileReference; lastKnownFileType = image.png; path = Beyonce.png; sourceTree = "<group>"; };
		30E51E1A1DF7896C00015A75 /* HarryPotter.png */ = {isa = PBXFileReference; lastKnownFileType = image.png; path = HarryPotter.png; sourceTree = "<group>"; };
		30E51E1B1DF7896C00015A75 /* Justin.png */ = {isa = PBXFileReference; lastKnownFileType = image.png; path = Justin.png; sourceTree = "<group>"; };
		30E51E1C1DF7896C00015A75 /* Kanye.png */ = {isa = PBXFileReference; lastKnownFileType = image.png; path = Kanye.png; sourceTree = "<group>"; };
		30E51E1D1DF7896C00015A75 /* Obama.png */ = {isa = PBXFileReference; lastKnownFileType = image.png; path = Obama.png; sourceTree = "<group>"; };
		30E51E1E1DF7896C00015A75 /* Ron.png */ = {isa = PBXFileReference; lastKnownFileType = image.png; path = Ron.png; sourceTree = "<group>"; };
		30E51E1F1DF7896C00015A75 /* Serena.png */ = {isa = PBXFileReference; lastKnownFileType = image.png; path = Serena.png; sourceTree = "<group>"; };
		30E51E201DF7896C00015A75 /* Taylor.png */ = {isa = PBXFileReference; lastKnownFileType = image.png; path = Taylor.png; sourceTree = "<group>"; };
		30E51E2A1DF78E0700015A75 /* Chuck.png */ = {isa = PBXFileReference; lastKnownFileType = image.png; path = Chuck.png; sourceTree = "<group>"; };
		30E51E2C1DF78F0A00015A75 /* Hermione.png */ = {isa = PBXFileReference; lastKnownFileType = image.png; path = Hermione.png; sourceTree = "<group>"; };
		30E51E2E1DF7A1DC00015A75 /* Roboto-Regular.ttf */ = {isa = PBXFileReference; lastKnownFileType = file; path = "Roboto-Regular.ttf"; sourceTree = "<group>"; };
		30E51E301DF7A30000015A75 /* logo.png */ = {isa = PBXFileReference; lastKnownFileType = image.png; path = logo.png; sourceTree = "<group>"; };
		30E51E3A1DF90E7200015A75 /* green-circle.png */ = {isa = PBXFileReference; lastKnownFileType = image.png; path = "green-circle.png"; sourceTree = "<group>"; };
		9F2072D91DE3A6D9003AD907 /* Friend.swift */ = {isa = PBXFileReference; fileEncoding = 4; lastKnownFileType = sourcecode.swift; path = Friend.swift; sourceTree = "<group>"; };
		9F2072DD1DE3A8D6003AD907 /* FriendTableViewController.swift */ = {isa = PBXFileReference; fileEncoding = 4; lastKnownFileType = sourcecode.swift; path = FriendTableViewController.swift; sourceTree = "<group>"; };
		9F33AD151DF23384008DEED5 /* BadgesViewController.swift */ = {isa = PBXFileReference; fileEncoding = 4; lastKnownFileType = sourcecode.swift; path = BadgesViewController.swift; sourceTree = "<group>"; };
		9F33AD1B1DF23F4B008DEED5 /* BadgesCollectionViewCell.swift */ = {isa = PBXFileReference; fileEncoding = 4; lastKnownFileType = sourcecode.swift; path = BadgesCollectionViewCell.swift; sourceTree = "<group>"; };
		9F33AD1D1DF248BE008DEED5 /* Badge.swift */ = {isa = PBXFileReference; fileEncoding = 4; lastKnownFileType = sourcecode.swift; path = Badge.swift; sourceTree = "<group>"; };
		9F4D8F041DF29A1000AD6075 /* SettingsTableController.swift */ = {isa = PBXFileReference; fileEncoding = 4; lastKnownFileType = sourcecode.swift; path = SettingsTableController.swift; sourceTree = "<group>"; };
		9F4D8F081DF29D7800AD6075 /* SettingsTableCell.swift */ = {isa = PBXFileReference; fileEncoding = 4; lastKnownFileType = sourcecode.swift; path = SettingsTableCell.swift; sourceTree = "<group>"; };
		9F92842E1DED396900EBD85F /* FriendPieChartViewController.swift */ = {isa = PBXFileReference; fileEncoding = 4; lastKnownFileType = sourcecode.swift; path = FriendPieChartViewController.swift; sourceTree = "<group>"; };
/* End PBXFileReference section */

/* Begin PBXFrameworksBuildPhase section */
		308204801DD9590A008AD2C4 /* Frameworks */ = {
			isa = PBXFrameworksBuildPhase;
			buildActionMask = 2147483647;
			files = (
				301CDE191DEBF693007D3B94 /* Charts.framework in Frameworks */,
			);
			runOnlyForDeploymentPostprocessing = 0;
		};
/* End PBXFrameworksBuildPhase section */

/* Begin PBXGroup section */
		30333C801DDBCD7200902916 /* Assets */ = {
			isa = PBXGroup;
			children = (
				30E51E2E1DF7A1DC00015A75 /* Roboto-Regular.ttf */,
				30E51DE31DF77B2800015A75 /* example-article.jpg */,
				305792661DF52FAA0036495E /* addFriend.png */,
				30E51E151DF7837500015A75 /* Article Pics */,
				305792681DF530DB0036495E /* arrow2.png */,
				305792641DF52FA20036495E /* gray-circle2.png */,
				305792501DF1E6980036495E /* settings-icon1.png */,
				301CDE171DEBBB41007D3B94 /* default-profile-pic.png */,
				30333C8D1DDBCF7D00902916 /* friends-icon2.png */,
				30E51E3A1DF90E7200015A75 /* green-circle.png */,
				30333CED1DE4D90F00902916 /* edit-icon2.png */,
				30E51E181DF7896C00015A75 /* Bart.png */,
				30E51E2C1DF78F0A00015A75 /* Hermione.png */,
				30E51E191DF7896C00015A75 /* Beyonce.png */,
				30E51E1A1DF7896C00015A75 /* HarryPotter.png */,
				30E51E301DF7A30000015A75 /* logo.png */,
				30E51E1B1DF7896C00015A75 /* Justin.png */,
				30E51E2A1DF78E0700015A75 /* Chuck.png */,
				30E51E1C1DF7896C00015A75 /* Kanye.png */,
				30E51E1D1DF7896C00015A75 /* Obama.png */,
				30E51E1E1DF7896C00015A75 /* Ron.png */,
				30E51E1F1DF7896C00015A75 /* Serena.png */,
				30E51E201DF7896C00015A75 /* Taylor.png */,
				30E51E161DF7894200015A75 /* HarryPotter.png */,
				305792741DF531D50036495E /* blue-circle.png */,
				305792751DF531D50036495E /* purple-circle.png */,
				305792761DF531D50036495E /* red-circle.png */,
				305792771DF531D50036495E /* trophy-b-and-w.png */,
				305792781DF531D50036495E /* trophy.png */,
				30333C8B1DDBCF7700902916 /* me-icon2.png */,
			);
			name = Assets;
			sourceTree = "<group>";
		};
		30333CDD1DE2359F00902916 /* CoreData */ = {
			isa = PBXGroup;
			children = (
				30333CD51DE2359300902916 /* Article+CoreDataProperties.swift */,
				30333CD61DE2359300902916 /* Article.swift */,
				30333CD71DE2359300902916 /* User+CoreDataProperties.swift */,
				30333CD81DE2359300902916 /* User.swift */,
				3082048D1DD9590A008AD2C4 /* DeBias.xcdatamodeld */,
			);
			name = CoreData;
			sourceTree = "<group>";
		};
		3082047A1DD9590A008AD2C4 = {
			isa = PBXGroup;
			children = (
				30333C8F1DDF770F00902916 /* Charts.framework */,
				308204851DD9590A008AD2C4 /* DeBias */,
				308204841DD9590A008AD2C4 /* Products */,
			);
			sourceTree = "<group>";
		};
		308204841DD9590A008AD2C4 /* Products */ = {
			isa = PBXGroup;
			children = (
				308204831DD9590A008AD2C4 /* DeBias.app */,
			);
			name = Products;
			sourceTree = "<group>";
		};
		308204851DD9590A008AD2C4 /* DeBias */ = {
			isa = PBXGroup;
			children = (
				305792561DF50C2C0036495E /* FriendToolbarView.swift */,
				30333CDD1DE2359F00902916 /* CoreData */,
				30333CD31DE22CC300902916 /* UserDefaults.swift */,
				308204861DD9590A008AD2C4 /* AppDelegate.swift */,
				308204881DD9590A008AD2C4 /* PieChartViewController.swift */,
				301CDE1A1DEE3C8F007D3B94 /* CoreDataTableViewController.swift */,
				30333C7E1DDBC5A800902916 /* Colors.swift */,
				9F2072D91DE3A6D9003AD907 /* Friend.swift */,
				9F92842E1DED396900EBD85F /* FriendPieChartViewController.swift */,
				3067A97F1DF007F500B8B550 /* ArticleData.swift */,
				9F2072DD1DE3A8D6003AD907 /* FriendTableViewController.swift */,
				3082048A1DD9590A008AD2C4 /* Main.storyboard */,
				305792581DF514360036495E /* AddFriendTableViewCell.swift */,
				3057925A1DF5146C0036495E /* AddFriendTableViewController.swift */,
				305792521DF4F6590036495E /* FriendGoalsViewController.swift */,
				305792541DF4FB570036495E /* FriendArticlesTableViewController.swift */,
				301CDE1C1DEE3CF6007D3B94 /* ArticleTableViewController.swift */,
				30E51DE11DF775A200015A75 /* ArticleInfoViewController.swift */,
				30C034511DF0FF80006E927A /* WebViewController.swift */,
				301CDE1E1DEE3D15007D3B94 /* ArticleTableViewCell.swift */,
				301CDE151DEBBAAC007D3B94 /* FriendTableViewCell.swift */,
				30333CEF1DE4F9D600902916 /* TrendsViewController.swift */,
				30333CE91DE4D76600902916 /* GoalsViewController.swift */,
				30333CEB1DE4D79200902916 /* ProgessBarView.swift */,
				9F33AD1B1DF23F4B008DEED5 /* BadgesCollectionViewCell.swift */,
				9F33AD151DF23384008DEED5 /* BadgesViewController.swift */,
				9F33AD1D1DF248BE008DEED5 /* Badge.swift */,
				9F4D8F041DF29A1000AD6075 /* SettingsTableController.swift */,
				9F4D8F081DF29D7800AD6075 /* SettingsTableCell.swift */,
				308204901DD9590A008AD2C4 /* Assets.xcassets */,
				308204921DD9590A008AD2C4 /* LaunchScreen.storyboard */,
				308204951DD9590A008AD2C4 /* Info.plist */,
				30E51DDF1DF7720500015A75 /* plus-icon.png */,
				30333C801DDBCD7200902916 /* Assets */,
			);
			path = DeBias;
			sourceTree = "<group>";
		};
		30E51E151DF7837500015A75 /* Article Pics */ = {
			isa = PBXGroup;
			children = (
				30E51DE51DF780D300015A75 /* neutralKellog.jpg */,
				30E51DE61DF780D300015A75 /* consAliens.png */,
				30E51DE71DF780D300015A75 /* consElaineChao.jpg */,
				30E51DE81DF780D300015A75 /* consFires.JPG */,
				30E51DE91DF780D300015A75 /* consStevenMnuchin.jpg */,
				30E51DEA1DF780D300015A75 /* consWSJ.jpg */,
				30E51DEB1DF780D300015A75 /* liberalElection.jpg */,
				30E51DEC1DF780D300015A75 /* liberalPelosi.jpg */,
				30E51DED1DF780D300015A75 /* liberalTribe.jpg */,
				30E51DEE1DF780D300015A75 /* liberalTrumpTwitter.jpeg */,
				30E51DEF1DF780D300015A75 /* liberalWalmart.jpeg */,
				30E51DF01DF780D300015A75 /* neutralDelta.png */,
				30E51DF11DF780D300015A75 /* neutralFlagBurning.jpg */,
				30E51DF21DF780D300015A75 /* neutralPlane.png */,
				30E51DF31DF780D300015A75 /* neutralTracyMorgan.jpg */,
				30E51DF41DF780D300015A75 /* neutralTrudeau.jpeg */,
				30E51DF51DF780D300015A75 /* vConsGore.png */,
				30E51DF61DF780D300015A75 /* vConsInfidels.jpg */,
				30E51DF71DF780D300015A75 /* vConsIsis.jpg */,
				30E51DF81DF780D300015A75 /* vConsTrumpRomney.jpg */,
				30E51DF91DF780D300015A75 /* veryLiberalInda.jpg */,
				30E51DFA1DF780D300015A75 /* veryLiberalManipulateTrump.jpg */,
				30E51DFB1DF780D300015A75 /* veryLiberalPentagon.jpg */,
				30E51DFC1DF780D300015A75 /* veryLiberalSyria.jpg */,
			);
			name = "Article Pics";
			sourceTree = "<group>";
		};
/* End PBXGroup section */

/* Begin PBXNativeTarget section */
		308204821DD9590A008AD2C4 /* DeBias */ = {
			isa = PBXNativeTarget;
			buildConfigurationList = 308204981DD9590A008AD2C4 /* Build configuration list for PBXNativeTarget "DeBias" */;
			buildPhases = (
				3082047F1DD9590A008AD2C4 /* Sources */,
				308204801DD9590A008AD2C4 /* Frameworks */,
				308204811DD9590A008AD2C4 /* Resources */,
			);
			buildRules = (
			);
			dependencies = (
			);
			name = DeBias;
			productName = DeBias;
			productReference = 308204831DD9590A008AD2C4 /* DeBias.app */;
			productType = "com.apple.product-type.application";
		};
/* End PBXNativeTarget section */

/* Begin PBXProject section */
		3082047B1DD9590A008AD2C4 /* Project object */ = {
			isa = PBXProject;
			attributes = {
				LastSwiftUpdateCheck = 0730;
				LastUpgradeCheck = 0810;
				ORGANIZATIONNAME = debias;
				TargetAttributes = {
					308204821DD9590A008AD2C4 = {
						CreatedOnToolsVersion = 7.3;
						DevelopmentTeam = AZH8QXDTL7;
						LastSwiftMigration = 0810;
					};
				};
			};
			buildConfigurationList = 3082047E1DD9590A008AD2C4 /* Build configuration list for PBXProject "DeBias" */;
			compatibilityVersion = "Xcode 3.2";
			developmentRegion = English;
			hasScannedForEncodings = 0;
			knownRegions = (
				en,
				Base,
			);
			mainGroup = 3082047A1DD9590A008AD2C4;
			productRefGroup = 308204841DD9590A008AD2C4 /* Products */;
			projectDirPath = "";
			projectRoot = "";
			targets = (
				308204821DD9590A008AD2C4 /* DeBias */,
			);
		};
/* End PBXProject section */

/* Begin PBXResourcesBuildPhase section */
		308204811DD9590A008AD2C4 /* Resources */ = {
			isa = PBXResourcesBuildPhase;
			buildActionMask = 2147483647;
			files = (
				30E51E2F1DF7A26B00015A75 /* Roboto-Regular.ttf in Resources */,
				305792651DF52FA20036495E /* gray-circle2.png in Resources */,
				30E51E021DF780D300015A75 /* consWSJ.jpg in Resources */,
				30E51DE41DF77B2800015A75 /* example-article.jpg in Resources */,
				30E51DFD1DF780D300015A75 /* neutralKellog.jpg in Resources */,
				308204941DD9590A008AD2C4 /* LaunchScreen.storyboard in Resources */,
				30E51DFE1DF780D300015A75 /* consAliens.png in Resources */,
				30333C8C1DDBCF7700902916 /* me-icon2.png in Resources */,
				30E51E001DF780D300015A75 /* consFires.JPG in Resources */,
				30E51E051DF780D300015A75 /* liberalTribe.jpg in Resources */,
				3057927D1DF531D50036495E /* trophy.png in Resources */,
				308204911DD9590A008AD2C4 /* Assets.xcassets in Resources */,
				30E51E091DF780D300015A75 /* neutralFlagBurning.jpg in Resources */,
				30E51E211DF7896C00015A75 /* Bart.png in Resources */,
				305792511DF1E6980036495E /* settings-icon1.png in Resources */,
				30E51E0D1DF780D300015A75 /* vConsGore.png in Resources */,
				30E51E101DF780D300015A75 /* vConsTrumpRomney.jpg in Resources */,
				30E51E281DF7896C00015A75 /* Serena.png in Resources */,
				30E51E041DF780D300015A75 /* liberalPelosi.jpg in Resources */,
				30E51E141DF780D300015A75 /* veryLiberalSyria.jpg in Resources */,
				30E51E0A1DF780D300015A75 /* neutralPlane.png in Resources */,
				30E51E241DF7896C00015A75 /* Justin.png in Resources */,
				30333CEE1DE4D90F00902916 /* edit-icon2.png in Resources */,
				30E51E171DF7894200015A75 /* HarryPotter.png in Resources */,
				30E51E071DF780D300015A75 /* liberalWalmart.jpeg in Resources */,
				30E51E011DF780D300015A75 /* consStevenMnuchin.jpg in Resources */,
				30E51E251DF7896C00015A75 /* Kanye.png in Resources */,
				30E51DFF1DF780D300015A75 /* consElaineChao.jpg in Resources */,
				30333C8E1DDBCF7D00902916 /* friends-icon2.png in Resources */,
				305792671DF52FAA0036495E /* addFriend.png in Resources */,
				3082048C1DD9590A008AD2C4 /* Main.storyboard in Resources */,
				30E51E0C1DF780D300015A75 /* neutralTrudeau.jpeg in Resources */,
				305792791DF531D50036495E /* blue-circle.png in Resources */,
				30E51E131DF780D300015A75 /* veryLiberalPentagon.jpg in Resources */,
				30E51E111DF780D300015A75 /* veryLiberalInda.jpg in Resources */,
				30E51E3B1DF90E7200015A75 /* green-circle.png in Resources */,
				30E51E2B1DF78E0700015A75 /* Chuck.png in Resources */,
				30E51E2D1DF78F0A00015A75 /* Hermione.png in Resources */,
				305792691DF530DB0036495E /* arrow2.png in Resources */,
				30E51E0F1DF780D300015A75 /* vConsIsis.jpg in Resources */,
				30E51E291DF7896C00015A75 /* Taylor.png in Resources */,
				30E51E221DF7896C00015A75 /* Beyonce.png in Resources */,
				30E51E271DF7896C00015A75 /* Ron.png in Resources */,
				30E51E081DF780D300015A75 /* neutralDelta.png in Resources */,
				30E51E0B1DF780D300015A75 /* neutralTracyMorgan.jpg in Resources */,
				301CDE181DEBBB41007D3B94 /* default-profile-pic.png in Resources */,
				3057927A1DF531D50036495E /* purple-circle.png in Resources */,
				30E51E311DF7A30000015A75 /* logo.png in Resources */,
				3057927C1DF531D50036495E /* trophy-b-and-w.png in Resources */,
				30E51E0E1DF780D300015A75 /* vConsInfidels.jpg in Resources */,
				30E51DE01DF7720500015A75 /* plus-icon.png in Resources */,
				30E51E031DF780D300015A75 /* liberalElection.jpg in Resources */,
				30E51E261DF7896C00015A75 /* Obama.png in Resources */,
				30E51E061DF780D300015A75 /* liberalTrumpTwitter.jpeg in Resources */,
				30E51E121DF780D300015A75 /* veryLiberalManipulateTrump.jpg in Resources */,
				3057927B1DF531D50036495E /* red-circle.png in Resources */,
			);
			runOnlyForDeploymentPostprocessing = 0;
		};
/* End PBXResourcesBuildPhase section */

/* Begin PBXSourcesBuildPhase section */
		3082047F1DD9590A008AD2C4 /* Sources */ = {
			isa = PBXSourcesBuildPhase;
			buildActionMask = 2147483647;
			files = (
				30333CF01DE4F9D600902916 /* TrendsViewController.swift in Sources */,
				30333CDA1DE2359300902916 /* Article.swift in Sources */,
				3067A9801DF007F500B8B550 /* ArticleData.swift in Sources */,
				3082048F1DD9590A008AD2C4 /* DeBias.xcdatamodeld in Sources */,
				30C034521DF0FF80006E927A /* WebViewController.swift in Sources */,
				30333CDB1DE2359300902916 /* User+CoreDataProperties.swift in Sources */,
				9F33AD1C1DF23F4B008DEED5 /* BadgesCollectionViewCell.swift in Sources */,
				301CDE1D1DEE3CF6007D3B94 /* ArticleTableViewController.swift in Sources */,
				30333CD41DE22CC300902916 /* UserDefaults.swift in Sources */,
				30E51DE21DF775A200015A75 /* ArticleInfoViewController.swift in Sources */,
				9F2072DE1DE3A8D6003AD907 /* FriendTableViewController.swift in Sources */,
				30333CD91DE2359300902916 /* Article+CoreDataProperties.swift in Sources */,
				9F4D8F091DF29D7800AD6075 /* SettingsTableCell.swift in Sources */,
				301CDE1F1DEE3D15007D3B94 /* ArticleTableViewCell.swift in Sources */,
				305792591DF514360036495E /* AddFriendTableViewCell.swift in Sources */,
				30333CDC1DE2359300902916 /* User.swift in Sources */,
				30333CEC1DE4D79200902916 /* ProgessBarView.swift in Sources */,
				305792571DF50C2C0036495E /* FriendToolbarView.swift in Sources */,
				30333C7F1DDBC5A800902916 /* Colors.swift in Sources */,
				305792531DF4F6590036495E /* FriendGoalsViewController.swift in Sources */,
				305792551DF4FB570036495E /* FriendArticlesTableViewController.swift in Sources */,
				9F92842F1DED396900EBD85F /* FriendPieChartViewController.swift in Sources */,
				301CDE1B1DEE3C8F007D3B94 /* CoreDataTableViewController.swift in Sources */,
				308204891DD9590A008AD2C4 /* PieChartViewController.swift in Sources */,
				9F4D8F051DF29A1000AD6075 /* SettingsTableController.swift in Sources */,
				9F33AD161DF23384008DEED5 /* BadgesViewController.swift in Sources */,
				308204871DD9590A008AD2C4 /* AppDelegate.swift in Sources */,
				9F33AD1E1DF248BE008DEED5 /* Badge.swift in Sources */,
				9F2072DA1DE3A6D9003AD907 /* Friend.swift in Sources */,
				3057925B1DF5146C0036495E /* AddFriendTableViewController.swift in Sources */,
				30333CEA1DE4D76600902916 /* GoalsViewController.swift in Sources */,
				301CDE161DEBBAAC007D3B94 /* FriendTableViewCell.swift in Sources */,
			);
			runOnlyForDeploymentPostprocessing = 0;
		};
/* End PBXSourcesBuildPhase section */

/* Begin PBXVariantGroup section */
		3082048A1DD9590A008AD2C4 /* Main.storyboard */ = {
			isa = PBXVariantGroup;
			children = (
				3082048B1DD9590A008AD2C4 /* Base */,
			);
			name = Main.storyboard;
			sourceTree = "<group>";
		};
		308204921DD9590A008AD2C4 /* LaunchScreen.storyboard */ = {
			isa = PBXVariantGroup;
			children = (
				308204931DD9590A008AD2C4 /* Base */,
			);
			name = LaunchScreen.storyboard;
			sourceTree = "<group>";
		};
/* End PBXVariantGroup section */

/* Begin XCBuildConfiguration section */
		308204961DD9590A008AD2C4 /* Debug */ = {
			isa = XCBuildConfiguration;
			buildSettings = {
				ALWAYS_SEARCH_USER_PATHS = NO;
				CLANG_ANALYZER_NONNULL = YES;
				CLANG_CXX_LANGUAGE_STANDARD = "gnu++0x";
				CLANG_CXX_LIBRARY = "libc++";
				CLANG_ENABLE_MODULES = YES;
				CLANG_ENABLE_OBJC_ARC = YES;
				CLANG_WARN_BOOL_CONVERSION = YES;
				CLANG_WARN_CONSTANT_CONVERSION = YES;
				CLANG_WARN_DIRECT_OBJC_ISA_USAGE = YES_ERROR;
				CLANG_WARN_EMPTY_BODY = YES;
				CLANG_WARN_ENUM_CONVERSION = YES;
				CLANG_WARN_INT_CONVERSION = YES;
				CLANG_WARN_OBJC_ROOT_CLASS = YES_ERROR;
				CLANG_WARN_UNREACHABLE_CODE = YES;
				CLANG_WARN__DUPLICATE_METHOD_MATCH = YES;
				"CODE_SIGN_IDENTITY[sdk=iphoneos*]" = "iPhone Developer";
				COPY_PHASE_STRIP = NO;
				DEBUG_INFORMATION_FORMAT = dwarf;
				ENABLE_STRICT_OBJC_MSGSEND = YES;
				ENABLE_TESTABILITY = YES;
				GCC_C_LANGUAGE_STANDARD = gnu99;
				GCC_DYNAMIC_NO_PIC = NO;
				GCC_NO_COMMON_BLOCKS = YES;
				GCC_OPTIMIZATION_LEVEL = 0;
				GCC_PREPROCESSOR_DEFINITIONS = (
					"DEBUG=1",
					"$(inherited)",
				);
				GCC_WARN_64_TO_32_BIT_CONVERSION = YES;
				GCC_WARN_ABOUT_RETURN_TYPE = YES_ERROR;
				GCC_WARN_UNDECLARED_SELECTOR = YES;
				GCC_WARN_UNINITIALIZED_AUTOS = YES_AGGRESSIVE;
				GCC_WARN_UNUSED_FUNCTION = YES;
				GCC_WARN_UNUSED_VARIABLE = YES;
				IPHONEOS_DEPLOYMENT_TARGET = 9.3;
				MTL_ENABLE_DEBUG_INFO = YES;
				ONLY_ACTIVE_ARCH = YES;
				SDKROOT = iphoneos;
				SWIFT_OPTIMIZATION_LEVEL = "-Onone";
				SWIFT_VERSION = 2.3;
				TARGETED_DEVICE_FAMILY = "1,2";
			};
			name = Debug;
		};
		308204971DD9590A008AD2C4 /* Release */ = {
			isa = XCBuildConfiguration;
			buildSettings = {
				ALWAYS_SEARCH_USER_PATHS = NO;
				CLANG_ANALYZER_NONNULL = YES;
				CLANG_CXX_LANGUAGE_STANDARD = "gnu++0x";
				CLANG_CXX_LIBRARY = "libc++";
				CLANG_ENABLE_MODULES = YES;
				CLANG_ENABLE_OBJC_ARC = YES;
				CLANG_WARN_BOOL_CONVERSION = YES;
				CLANG_WARN_CONSTANT_CONVERSION = YES;
				CLANG_WARN_DIRECT_OBJC_ISA_USAGE = YES_ERROR;
				CLANG_WARN_EMPTY_BODY = YES;
				CLANG_WARN_ENUM_CONVERSION = YES;
				CLANG_WARN_INT_CONVERSION = YES;
				CLANG_WARN_OBJC_ROOT_CLASS = YES_ERROR;
				CLANG_WARN_UNREACHABLE_CODE = YES;
				CLANG_WARN__DUPLICATE_METHOD_MATCH = YES;
				"CODE_SIGN_IDENTITY[sdk=iphoneos*]" = "iPhone Developer";
				COPY_PHASE_STRIP = NO;
				DEBUG_INFORMATION_FORMAT = "dwarf-with-dsym";
				ENABLE_NS_ASSERTIONS = NO;
				ENABLE_STRICT_OBJC_MSGSEND = YES;
				GCC_C_LANGUAGE_STANDARD = gnu99;
				GCC_NO_COMMON_BLOCKS = YES;
				GCC_OPTIMIZATION_LEVEL = 0;
				GCC_WARN_64_TO_32_BIT_CONVERSION = YES;
				GCC_WARN_ABOUT_RETURN_TYPE = YES_ERROR;
				GCC_WARN_UNDECLARED_SELECTOR = YES;
				GCC_WARN_UNINITIALIZED_AUTOS = YES_AGGRESSIVE;
				GCC_WARN_UNUSED_FUNCTION = YES;
				GCC_WARN_UNUSED_VARIABLE = YES;
				IPHONEOS_DEPLOYMENT_TARGET = 9.3;
				MTL_ENABLE_DEBUG_INFO = NO;
				SDKROOT = iphoneos;
				SWIFT_VERSION = 2.3;
				TARGETED_DEVICE_FAMILY = "1,2";
				VALIDATE_PRODUCT = YES;
			};
			name = Release;
		};
		308204991DD9590A008AD2C4 /* Debug */ = {
			isa = XCBuildConfiguration;
			buildSettings = {
				ASSETCATALOG_COMPILER_APPICON_NAME = AppIcon;
				CLANG_ENABLE_MODULES = YES;
				CODE_SIGN_IDENTITY = "iPhone Developer";
				"CODE_SIGN_IDENTITY[sdk=iphoneos*]" = "iPhone Developer";
				INFOPLIST_FILE = DeBias/Info.plist;
				IPHONEOS_DEPLOYMENT_TARGET = 9.0;
				LD_RUNPATH_SEARCH_PATHS = "$(inherited) @executable_path/Frameworks";
				PRODUCT_BUNDLE_IDENTIFIER = edu.stanford.debias.DeBias;
				PRODUCT_NAME = "$(TARGET_NAME)";
				PROVISIONING_PROFILE = "";
				SWIFT_OPTIMIZATION_LEVEL = "-Onone";
				SWIFT_VERSION = 3.0;
				TARGETED_DEVICE_FAMILY = 1;
			};
			name = Debug;
		};
		3082049A1DD9590A008AD2C4 /* Release */ = {
			isa = XCBuildConfiguration;
			buildSettings = {
				ASSETCATALOG_COMPILER_APPICON_NAME = AppIcon;
				CLANG_ENABLE_MODULES = YES;
				CODE_SIGN_IDENTITY = "iPhone Developer";
				"CODE_SIGN_IDENTITY[sdk=iphoneos*]" = "iPhone Developer";
				INFOPLIST_FILE = DeBias/Info.plist;
				IPHONEOS_DEPLOYMENT_TARGET = 9.3;
				LD_RUNPATH_SEARCH_PATHS = "$(inherited) @executable_path/Frameworks";
				PRODUCT_BUNDLE_IDENTIFIER = edu.stanford.debias.DeBias;
				PRODUCT_NAME = "$(TARGET_NAME)";
				PROVISIONING_PROFILE = "";
				SWIFT_OPTIMIZATION_LEVEL = "-Onone";
				SWIFT_VERSION = 2.3;
				TARGETED_DEVICE_FAMILY = 1;
			};
			name = Release;
		};
/* End XCBuildConfiguration section */

/* Begin XCConfigurationList section */
		3082047E1DD9590A008AD2C4 /* Build configuration list for PBXProject "DeBias" */ = {
			isa = XCConfigurationList;
			buildConfigurations = (
				308204961DD9590A008AD2C4 /* Debug */,
				308204971DD9590A008AD2C4 /* Release */,
			);
			defaultConfigurationIsVisible = 0;
			defaultConfigurationName = Release;
		};
		308204981DD9590A008AD2C4 /* Build configuration list for PBXNativeTarget "DeBias" */ = {
			isa = XCConfigurationList;
			buildConfigurations = (
				308204991DD9590A008AD2C4 /* Debug */,
				3082049A1DD9590A008AD2C4 /* Release */,
			);
			defaultConfigurationIsVisible = 0;
			defaultConfigurationName = Release;
		};
/* End XCConfigurationList section */

/* Begin XCVersionGroup section */
		3082048D1DD9590A008AD2C4 /* DeBias.xcdatamodeld */ = {
			isa = XCVersionGroup;
			children = (
				3082048E1DD9590A008AD2C4 /* DeBias.xcdatamodel */,
			);
			currentVersion = 3082048E1DD9590A008AD2C4 /* DeBias.xcdatamodel */;
			path = DeBias.xcdatamodeld;
			sourceTree = "<group>";
			versionGroupType = wrapper.xcdatamodel;
		};
/* End XCVersionGroup section */
	};
	rootObject = 3082047B1DD9590A008AD2C4 /* Project object */;
}
